<Solution Description="Visual Studio slnx file generated by Premake" Version="1.4">
  <Configurations>
    <BuildType Name="Debug" />
    <BuildType Name="Release" />
    <Platform Name="ARM64" />
    <Platform Name="Win32" />
    <Platform Name="x64" />
  </Configurations>
  <Project Path="client\client.vcxproj" Id="8461ABF6-7003-D6CC-59BE-E92045FF5C1D">
    <BuildDependency Project="raylib-master\raylib.vcxproj" />
  </Project>
  <Project Path="common\common.vcxproj" Id="AEFEE3F6-9AA0-0ECD-835B-22216F9C951D">
  </Project>
  <Project Path="engine\engine.vcxproj" Id="FBDB78FB-E77D-A3D1-D038-B725BC792A22">
    <BuildDependency Project="raylib-master\raylib.vcxproj" />
  </Project>
  <Project Path="raylib-master\raylib.vcxproj" Id="8898EA18-743A-15EF-5DF5-284349369C3F">
  </Project>
  <Project Path="resource_system\resource_system.vcxproj" Id="D1239A38-3DAF-07FD-46C0-8AF1B2CA63FD">
  </Project>
  <Project Path="rlTextLib\rlTextLib.vcxproj" Id="7F0CBEB3-EB76-722A-34B5-23D0A05E507F">
  </Project>
  <Project Path="server\server.vcxproj" Id="9C76841B-8818-AFF1-71D3-C2455D143642">
  </Project>
</Solution>